
Microsoft Visual Studio Solution File, Format Version 12.00
# Visual Studio Version 16
VisualStudioVersion = 16.0.29613.14
MinimumVisualStudioVersion = 10.0.40219.1
Project("{9A19103F-16F7-4668-BE54-9A1E7A4F7556}") = "Web", "Web\Web.csproj", "{5579617C-B617-42D7-9455-7356D0832374}"
EndProject
Project("{9A19103F-16F7-4668-BE54-9A1E7A4F7556}") = "Core", "Core\Core.csproj", "{FB04D3E6-0B0B-45E1-BA05-2E63D4FCD2FB}"
EndProject
Project("{9A19103F-16F7-4668-BE54-9A1E7A4F7556}") = "Infrastructure", "Infrastructure\Infrastructure.csproj", "{7FAC1CEF-3118-4926-BE48-F1E6460DB504}"
EndProject
Project("{9A19103F-16F7-4668-BE54-9A1E7A4F7556}") = "Hotel5000_Api_Tests", "..\..\tests\Hotel5000_Api_Tests\Hotel5000_Api_Tests.csproj", "{31CA5AB7-79FF-45BD-8911-BF7862BA9AAF}"
EndProject
Project("{9A19103F-16F7-4668-BE54-9A1E7A4F7556}") = "BlazorWebApp", "BlazorWebApp\BlazorWebApp.csproj", "{789F9A34-8EF9-4768-987F-C4DFD8161155}"
EndProject
Project("{9A19103F-16F7-4668-BE54-9A1E7A4F7556}") = "Auth", "Auth\Auth.csproj", "{037BAC1F-799D-40F2-8F4A-9FEF4F3EB7B1}"
EndProject
Global
	GlobalSection(SolutionConfigurationPlatforms) = preSolution
		Debug|Any CPU = Debug|Any CPU
		Release|Any CPU = Release|Any CPU
	EndGlobalSection
	GlobalSection(ProjectConfigurationPlatforms) = postSolution
		{5579617C-B617-42D7-9455-7356D0832374}.Debug|Any CPU.ActiveCfg = Debug|Any CPU
		{5579617C-B617-42D7-9455-7356D0832374}.Debug|Any CPU.Build.0 = Debug|Any CPU
		{5579617C-B617-42D7-9455-7356D0832374}.Release|Any CPU.ActiveCfg = Release|Any CPU
		{5579617C-B617-42D7-9455-7356D0832374}.Release|Any CPU.Build.0 = Release|Any CPU
		{FB04D3E6-0B0B-45E1-BA05-2E63D4FCD2FB}.Debug|Any CPU.ActiveCfg = Debug|Any CPU
		{FB04D3E6-0B0B-45E1-BA05-2E63D4FCD2FB}.Debug|Any CPU.Build.0 = Debug|Any CPU
		{FB04D3E6-0B0B-45E1-BA05-2E63D4FCD2FB}.Release|Any CPU.ActiveCfg = Release|Any CPU
		{FB04D3E6-0B0B-45E1-BA05-2E63D4FCD2FB}.Release|Any CPU.Build.0 = Release|Any CPU
		{7FAC1CEF-3118-4926-BE48-F1E6460DB504}.Debug|Any CPU.ActiveCfg = Debug|Any CPU
		{7FAC1CEF-3118-4926-BE48-F1E6460DB504}.Debug|Any CPU.Build.0 = Debug|Any CPU
		{7FAC1CEF-3118-4926-BE48-F1E6460DB504}.Release|Any CPU.ActiveCfg = Release|Any CPU
		{7FAC1CEF-3118-4926-BE48-F1E6460DB504}.Release|Any CPU.Build.0 = Release|Any CPU
		{31CA5AB7-79FF-45BD-8911-BF7862BA9AAF}.Debug|Any CPU.ActiveCfg = Debug|Any CPU
		{31CA5AB7-79FF-45BD-8911-BF7862BA9AAF}.Debug|Any CPU.Build.0 = Debug|Any CPU
		{31CA5AB7-79FF-45BD-8911-BF7862BA9AAF}.Release|Any CPU.ActiveCfg = Release|Any CPU
		{31CA5AB7-79FF-45BD-8911-BF7862BA9AAF}.Release|Any CPU.Build.0 = Release|Any CPU
		{789F9A34-8EF9-4768-987F-C4DFD8161155}.Debug|Any CPU.ActiveCfg = Debug|Any CPU
		{789F9A34-8EF9-4768-987F-C4DFD8161155}.Debug|Any CPU.Build.0 = Debug|Any CPU
		{789F9A34-8EF9-4768-987F-C4DFD8161155}.Release|Any CPU.ActiveCfg = Release|Any CPU
		{789F9A34-8EF9-4768-987F-C4DFD8161155}.Release|Any CPU.Build.0 = Release|Any CPU
		{037BAC1F-799D-40F2-8F4A-9FEF4F3EB7B1}.Debug|Any CPU.ActiveCfg = Debug|Any CPU
		{037BAC1F-799D-40F2-8F4A-9FEF4F3EB7B1}.Debug|Any CPU.Build.0 = Debug|Any CPU
		{037BAC1F-799D-40F2-8F4A-9FEF4F3EB7B1}.Release|Any CPU.ActiveCfg = Release|Any CPU
		{037BAC1F-799D-40F2-8F4A-9FEF4F3EB7B1}.Release|Any CPU.Build.0 = Release|Any CPU
	EndGlobalSection
	GlobalSection(SolutionProperties) = preSolution
		HideSolutionNode = FALSE
	EndGlobalSection
	GlobalSection(ExtensibilityGlobals) = postSolution
		SolutionGuid = {B3A9C87B-C07E-4971-9953-711453C41ED5}
	EndGlobalSection
EndGlobal
